
Microsoft Visual Studio Solution File, Format Version 12.00
# Visual Studio 15
VisualStudioVersion = 15.0.26730.12
MinimumVisualStudioVersion = 10.0.40219.1
Project("{9A19103F-16F7-4668-BE54-9A1E7A4F7556}") = "TexasHoldem.Core", "TexasHoldem.Core\TexasHoldem.Core.csproj", "{352CE6B6-3605-4435-A926-A22EB096C056}"
EndProject
Project("{9A19103F-16F7-4668-BE54-9A1E7A4F7556}") = "TexasHoldem.Core.Tests", "TexasHoldem.Core.Tests\TexasHoldem.Core.Tests.csproj", "{7E9C2EC0-AEC3-4498-A3AF-65D58AADBA5E}"
EndProject
Project("{9A19103F-16F7-4668-BE54-9A1E7A4F7556}") = "TexasHoldem.Net", "TexasHoldem.Net\TexasHoldem.Net.csproj", "{DC7398A6-3BD3-4950-9652-23BC00AEDCF9}"
EndProject
Project("{9A19103F-16F7-4668-BE54-9A1E7A4F7556}") = "TexasHoldemWeb", "TexasHoldemWeb\TexasHoldemWeb.csproj", "{972C2E7E-87A2-4447-A043-E6FDEE6BBFD7}"
EndProject
Global
	GlobalSection(SolutionConfigurationPlatforms) = preSolution
		Debug|Any CPU = Debug|Any CPU
		Release|Any CPU = Release|Any CPU
	EndGlobalSection
	GlobalSection(ProjectConfigurationPlatforms) = postSolution
		{352CE6B6-3605-4435-A926-A22EB096C056}.Debug|Any CPU.ActiveCfg = Debug|Any CPU
		{352CE6B6-3605-4435-A926-A22EB096C056}.Debug|Any CPU.Build.0 = Debug|Any CPU
		{352CE6B6-3605-4435-A926-A22EB096C056}.Release|Any CPU.ActiveCfg = Release|Any CPU
		{352CE6B6-3605-4435-A926-A22EB096C056}.Release|Any CPU.Build.0 = Release|Any CPU
		{7E9C2EC0-AEC3-4498-A3AF-65D58AADBA5E}.Debug|Any CPU.ActiveCfg = Debug|Any CPU
		{7E9C2EC0-AEC3-4498-A3AF-65D58AADBA5E}.Debug|Any CPU.Build.0 = Debug|Any CPU
		{7E9C2EC0-AEC3-4498-A3AF-65D58AADBA5E}.Release|Any CPU.ActiveCfg = Release|Any CPU
		{7E9C2EC0-AEC3-4498-A3AF-65D58AADBA5E}.Release|Any CPU.Build.0 = Release|Any CPU
		{DC7398A6-3BD3-4950-9652-23BC00AEDCF9}.Debug|Any CPU.ActiveCfg = Debug|Any CPU
		{DC7398A6-3BD3-4950-9652-23BC00AEDCF9}.Debug|Any CPU.Build.0 = Debug|Any CPU
		{DC7398A6-3BD3-4950-9652-23BC00AEDCF9}.Release|Any CPU.ActiveCfg = Release|Any CPU
		{DC7398A6-3BD3-4950-9652-23BC00AEDCF9}.Release|Any CPU.Build.0 = Release|Any CPU
		{972C2E7E-87A2-4447-A043-E6FDEE6BBFD7}.Debug|Any CPU.ActiveCfg = Debug|Any CPU
		{972C2E7E-87A2-4447-A043-E6FDEE6BBFD7}.Debug|Any CPU.Build.0 = Debug|Any CPU
		{972C2E7E-87A2-4447-A043-E6FDEE6BBFD7}.Release|Any CPU.ActiveCfg = Release|Any CPU
		{972C2E7E-87A2-4447-A043-E6FDEE6BBFD7}.Release|Any CPU.Build.0 = Release|Any CPU
	EndGlobalSection
	GlobalSection(SolutionProperties) = preSolution
		HideSolutionNode = FALSE
	EndGlobalSection
	GlobalSection(ExtensibilityGlobals) = postSolution
		SolutionGuid = {F3BA85C9-F7B5-4777-ABBA-1DBD624CE760}
	EndGlobalSection
EndGlobal
